// !$*UTF8*$!
{
	archiveVersion = 1;
	classes = {
	};
	objectVersion = 77;
	objects = {

/* Begin PBXContainerItemProxy section */
		4BE2D9342FD69B1E0045ADC7 /* PBXContainerItemProxy */ = {
			isa = PBXContainerItemProxy;
			containerPortal = 4BE2D9152FD69B190045ADC7 /* Project object */;
			proxyType = 1;
			remoteGlobalIDString = 4BE2D91C2FD69B190045ADC7;
			remoteInfo = RemoteRecruit;
		};
		4BE2D93E2FD69B1E0045ADC7 /* PBXContainerItemProxy */ = {
			isa = PBXContainerItemProxy;
			containerPortal = 4BE2D9152FD69B190045ADC7 /* Project object */;
			proxyType = 1;
			remoteGlobalIDString = 4BE2D91C2FD69B190045ADC7;
			remoteInfo = RemoteRecruit;
		};
/* End PBXContainerItemProxy section */

/* Begin PBXFileReference section */
		4BE2D91D2FD69B190045ADC7 /* RemoteRecruit.app */ = {isa = PBXFileReference; explicitFileType = wrapper.application; includeInIndex = 0; path = RemoteRecruit.app; sourceTree = BUILT_PRODUCTS_DIR; };
		4BE2D9332FD69B1E0045ADC7 /* RemoteRecruitTests.xctest */ = {isa = PBXFileReference; explicitFileType = wrapper.cfbundle; includeInIndex = 0; path = RemoteRecruitTests.xctest; sourceTree = BUILT_PRODUCTS_DIR; };
		4BE2D93D2FD69B1E0045ADC7 /* RemoteRecruitUITests.xctest */ = {isa = PBXFileReference; explicitFileType = wrapper.cfbundle; includeInIndex = 0; path = RemoteRecruitUITests.xctest; sourceTree = BUILT_PRODUCTS_DIR; };
/* End PBXFileReference section */

/* Begin PBXFileSystemSynchronizedBuildFileExceptionSet section */
		4BE2D9452FD69B1E0045ADC7 /* Exceptions for "RemoteRecruit" folder in "RemoteRecruit" target */ = {
			isa = PBXFileSystemSynchronizedBuildFileExceptionSet;
			membershipExceptions = (
				Info.plist,
			);
			target = 4BE2D91C2FD69B190045ADC7 /* RemoteRecruit */;
		};
/* End PBXFileSystemSynchronizedBuildFileExceptionSet section */

/* Begin PBXFileSystemSynchronizedRootGroup section */
		4BE2D91F2FD69B190045ADC7 /* RemoteRecruit */ = {
			isa = PBXFileSystemSynchronizedRootGroup;
			exceptions = (
				4BE2D9452FD69B1E0045ADC7 /* Exceptions for "RemoteRecruit" folder in "RemoteRecruit" target */,
			);
			path = RemoteRecruit;
			sourceTree = "<group>";
		};
		4BE2D9362FD69B1E0045ADC7 /* RemoteRecruitTests */ = {
			isa = PBXFileSystemSynchronizedRootGroup;
			path = RemoteRecruitTests;
			sourceTree = "<group>";
		};
		4BE2D9402FD69B1E0045ADC7 /* RemoteRecruitUITests */ = {
			isa = PBXFileSystemSynchronizedRootGroup;
			path = RemoteRecruitUITests;
			sourceTree = "<group>";
		};
/* End PBXFileSystemSynchronizedRootGroup section */

/* Begin PBXFrameworksBuildPhase section */
		4BE2D91A2FD69B190045ADC7 /* Frameworks */ = {
			isa = PBXFrameworksBuildPhase;
			buildActionMask = 2147483647;
			files = (
			);
			runOnlyForDeploymentPostprocessing = 0;
		};
		4BE2D9302FD69B1E0045ADC7 /* Frameworks */ = {
			isa = PBXFrameworksBuildPhase;
			buildActionMask = 2147483647;
			files = (
			);
			runOnlyForDeploymentPostprocessing = 0;
		};
		4BE2D93A2FD69B1E0045ADC7 /* Frameworks */ = {
			isa = PBXFrameworksBuildPhase;
			buildActionMask = 2147483647;
			files = (
			);
			runOnlyForDeploymentPostprocessing = 0;
		};
/* End PBXFrameworksBuildPhase section */

/* Begin PBXGroup section */
		4BE2D9142FD69B190045ADC7 = {
			isa = PBXGroup;
			children = (
				4BE2D91F2FD69B190045ADC7 /* RemoteRecruit */,
				4BE2D9362FD69B1E0045ADC7 /* RemoteRecruitTests */,
				4BE2D9402FD69B1E0045ADC7 /* RemoteRecruitUITests */,
				4BE2D91E2FD69B190045ADC7 /* Products */,
			);
			sourceTree = "<group>";
		};
		4BE2D91E2FD69B190045ADC7 /* Products */ = {
			isa = PBXGroup;
			children = (
				4BE2D91D2FD69B190045ADC7 /* RemoteRecruit.app */,
				4BE2D9332FD69B1E0045ADC7 /* RemoteRecruitTests.xctest */,
				4BE2D93D2FD69B1E0045ADC7 /* RemoteRecruitUITests.xctest */,
			);
			name = Products;
			sourceTree = "<group>";
		};
/* End PBXGroup section */

/* Begin PBXNativeTarget section */
		4BE2D91C2FD69B190045ADC7 /* RemoteRecruit */ = {
			isa = PBXNativeTarget;
			buildConfigurationList = 4BE2D9462FD69B1E0045ADC7 /* Build configuration list for PBXNativeTarget "RemoteRecruit" */;
			buildPhases = (
				4BE2D9192FD69B190045ADC7 /* Sources */,
				4BE2D91A2FD69B190045ADC7 /* Frameworks */,
				4BE2D91B2FD69B190045ADC7 /* Resources */,
			);
			buildRules = (
			);
			dependencies = (
			);
			fileSystemSynchronizedGroups = (
				4BE2D91F2FD69B190045ADC7 /* RemoteRecruit */,
			);
			name = RemoteRecruit;
			packageProductDependencies = (
			);
			productName = RemoteRecruit;
			productReference = 4BE2D91D2FD69B190045ADC7 /* RemoteRecruit.app */;
			productType = "com.apple.product-type.application";
		};
		4BE2D9322FD69B1E0045ADC7 /* RemoteRecruitTests */ = {
			isa = PBXNativeTarget;
			buildConfigurationList = 4BE2D94B2FD69B1E0045ADC7 /* Build configuration list for PBXNativeTarget "RemoteRecruitTests" */;
			buildPhases = (
				4BE2D92F2FD69B1E0045ADC7 /* Sources */,
				4BE2D9302FD69B1E0045ADC7 /* Frameworks */,
				4BE2D9312FD69B1E0045ADC7 /* Resources */,
			);
			buildRules = (
			);
			dependencies = (
				4BE2D9352FD69B1E0045ADC7 /* PBXTargetDependency */,
			);
			fileSystemSynchronizedGroups = (
				4BE2D9362FD69B1E0045ADC7 /* RemoteRecruitTests */,
			);
			name = RemoteRecruitTests;
			packageProductDependencies = (
			);
			productName = RemoteRecruitTests;
			productReference = 4BE2D9332FD69B1E0045ADC7 /* RemoteRecruitTests.xctest */;
			productType = "com.apple.product-type.bundle.unit-test";
		};
		4BE2D93C2FD69B1E0045ADC7 /* RemoteRecruitUITests */ = {
			isa = PBXNativeTarget;
			buildConfigurationList = 4BE2D94E2FD69B1E0045ADC7 /* Build configuration list for PBXNativeTarget "RemoteRecruitUITests" */;
			buildPhases = (
				4BE2D9392FD69B1E0045ADC7 /* Sources */,
				4BE2D93A2FD69B1E0045ADC7 /* Frameworks */,
				4BE2D93B2FD69B1E0045ADC7 /* Resources */,
			);
			buildRules = (
			);
			dependencies = (
				4BE2D93F2FD69B1E0045ADC7 /* PBXTargetDependency */,
			);
			fileSystemSynchronizedGroups = (
				4BE2D9402FD69B1E0045ADC7 /* RemoteRecruitUITests */,
			);
			name = RemoteRecruitUITests;
			packageProductDependencies = (
			);
			productName = RemoteRecruitUITests;
			productReference = 4BE2D93D2FD69B1E0045ADC7 /* RemoteRecruitUITests.xctest */;
			productType = "com.apple.product-type.bundle.ui-testing";
		};
/* End PBXNativeTarget section */

/* Begin PBXProject section */
		4BE2D9152FD69B190045ADC7 /* Project object */ = {
			isa = PBXProject;
			attributes = {
				BuildIndependentTargetsInParallel = 1;
				LastSwiftUpdateCheck = 2650;
				LastUpgradeCheck = 2650;
				TargetAttributes = {
					4BE2D91C2FD69B190045ADC7 = {
						CreatedOnToolsVersion = 26.5;
					};
					4BE2D9322FD69B1E0045ADC7 = {
						CreatedOnToolsVersion = 26.5;
						TestTargetID = 4BE2D91C2FD69B190045ADC7;
					};
					4BE2D93C2FD69B1E0045ADC7 = {
						CreatedOnToolsVersion = 26.5;
						TestTargetID = 4BE2D91C2FD69B190045ADC7;
					};
				};
			};
			buildConfigurationList = 4BE2D9182FD69B190045ADC7 /* Build configuration list for PBXProject "RemoteRecruit" */;
			developmentRegion = en;
			hasScannedForEncodings = 0;
			knownRegions = (
				en,
				Base,
			);
			mainGroup = 4BE2D9142FD69B190045ADC7;
			minimizedProjectReferenceProxies = 1;
			preferredProjectObjectVersion = 77;
			productRefGroup = 4BE2D91E2FD69B190045ADC7 /* Products */;
			projectDirPath = "";
			projectRoot = "";
			targets = (
				4BE2D91C2FD69B190045ADC7 /* RemoteRecruit */,
				4BE2D9322FD69B1E0045ADC7 /* RemoteRecruitTests */,
				4BE2D93C2FD69B1E0045ADC7 /* RemoteRecruitUITests */,
			);
		};
/* End PBXProject section */

/* Begin PBXResourcesBuildPhase section */
		4BE2D91B2FD69B190045ADC7 /* Resources */ = {
			isa = PBXResourcesBuildPhase;
			buildActionMask = 2147483647;
			files = (
			);
			runOnlyForDeploymentPostprocessing = 0;
		};
		4BE2D9312FD69B1E0045ADC7 /* Resources */ = {
			isa = PBXResourcesBuildPhase;
			buildActionMask = 2147483647;
			files = (
			);
			runOnlyForDeploymentPostprocessing = 0;
		};
		4BE2D93B2FD69B1E0045ADC7 /* Resources */ = {
			isa = PBXResourcesBuildPhase;
			buildActionMask = 2147483647;
			files = (
			);
			runOnlyForDeploymentPostprocessing = 0;
		};
/* End PBXResourcesBuildPhase section */

/* Begin PBXSourcesBuildPhase section */
		4BE2D9192FD69B190045ADC7 /* Sources */ = {
			isa = PBXSourcesBuildPhase;
			buildActionMask = 2147483647;
			files = (
			);
			runOnlyForDeploymentPostprocessing = 0;
		};
		4BE2D92F2FD69B1E0045ADC7 /* Sources */ = {
			isa = PBXSourcesBuildPhase;
			buildActionMask = 2147483647;
			files = (
			);
			runOnlyForDeploymentPostprocessing = 0;
		};
		4BE2D9392FD69B1E0045ADC7 /* Sources */ = {
			isa = PBXSourcesBuildPhase;
			buildActionMask = 2147483647;
			files = (
			);
			runOnlyForDeploymentPostprocessing = 0;
		};
/* End PBXSourcesBuildPhase section */

/* Begin PBXTargetDependency section */
		4BE2D9352FD69B1E0045ADC7 /* PBXTargetDependency */ = {
			isa = PBXTargetDependency;
			target = 4BE2D91C2FD69B190045ADC7 /* RemoteRecruit */;
			targetProxy = 4BE2D9342FD69B1E0045ADC7 /* PBXContainerItemProxy */;
		};
		4BE2D93F2FD69B1E0045ADC7 /* PBXTargetDependency */ = {
			isa = PBXTargetDependency;
			target = 4BE2D91C2FD69B190045ADC7 /* RemoteRecruit */;
			targetProxy = 4BE2D93E2FD69B1E0045ADC7 /* PBXContainerItemProxy */;
		};
/* End PBXTargetDependency section */

/* Begin XCBuildConfiguration section */
		4BE2D9472FD69B1E0045ADC7 /* Debug */ = {
			isa = XCBuildConfiguration;
			buildSettings = {
				ASSETCATALOG_COMPILER_APPICON_NAME = AppIcon;
				ASSETCATALOG_COMPILER_GLOBAL_ACCENT_COLOR_NAME = AccentColor;
				CODE_SIGN_STYLE = Automatic;
				CURRENT_PROJECT_VERSION = 1;
				GENERATE_INFOPLIST_FILE = YES;
				INFOPLIST_FILE = RemoteRecruit/Info.plist;
				INFOPLIST_KEY_UIApplicationSupportsIndirectInputEvents = YES;
				INFOPLIST_KEY_UILaunchStoryboardName = LaunchScreen;
				INFOPLIST_KEY_UIMainStoryboardFile = Main;
				INFOPLIST_KEY_UISupportedInterfaceOrientations_iPad = "UIInterfaceOrientationPortrait UIInterfaceOrientationPortraitUpsideDown UIInterfaceOrientationLandscapeLeft UIInterfaceOrientationLandscapeRight";
				INFOPLIST_KEY_UISupportedInterfaceOrientations_iPhone = "UIInterfaceOrientationPortrait UIInterfaceOrientationLandscapeLeft UIInterfaceOrientationLandscapeRight";
				LD_RUNPATH_SEARCH_PATHS = (
					"$(inherited)",
					"@executable_path/Frameworks",
				);
				MARKETING_VERSION = 1.0;
				PRODUCT_BUNDLE_IDENTIFIER = com.shoeb.RemoteRecruit;
				PRODUCT_NAME = "$(TARGET_NAME)";
				STRING_CATALOG_GENERATE_SYMBOLS = YES;
				SWIFT_APPROACHABLE_CONCURRENCY = YES;
				SWIFT_DEFAULT_ACTOR_ISOLATION = MainActor;
				SWIFT_EMIT_LOC_STRINGS = YES;
				SWIFT_UPCOMING_FEATURE_MEMBER_IMPORT_VISIBILITY = YES;
				SWIFT_VERSION = 5.0;
				TARGETED_DEVICE_FAMILY = "1,2";
			};
			name = Debug;
		};
		4BE2D9482FD69B1E0045ADC7 /* Release */ = {
			isa = XCBuildConfiguration;
			buildSettings = {
				ASSETCATALOG_COMPILER_APPICON_NAME = AppIcon;
				ASSETCATALOG_COMPILER_GLOBAL_ACCENT_COLOR_NAME = AccentColor;
				CODE_SIGN_STYLE = Automatic;
				CURRENT_PROJECT_VERSION = 1;
				GENERATE_INFOPLIST_FILE = YES;
				INFOPLIST_FILE = RemoteRecruit/Info.plist;
				INFOPLIST_KEY_UIApplicationSupportsIndirectInputEvents = YES;
				INFOPLIST_KEY_UILaunchStoryboardName = LaunchScreen;
				INFOPLIST_KEY_UIMainStoryboardFile = Main;
				INFOPLIST_KEY_UISupportedInterfaceOrientations_iPad = "UIInterfaceOrientationPortrait UIInterfaceOrientationPortraitUpsideDown UIInterfaceOrientationLandscapeLeft UIInterfaceOrientationLandscapeRight";
				INFOPLIST_KEY_UISupportedInterfaceOrientations_iPhone = "UIInterfaceOrientationPortrait UIInterfaceOrientationLandscapeLeft UIInterfaceOrientationLandscapeRight";
				LD_RUNPATH_SEARCH_PATHS = (
					"$(inherited)",
					"@executable_path/Frameworks",
				);
				MARKETING_VERSION = 1.0;
				PRODUCT_BUNDLE_IDENTIFIER = com.shoeb.RemoteRecruit;
				PRODUCT_NAME = "$(TARGET_NAME)";
				STRING_CATALOG_GENERATE_SYMBOLS = YES;
				SWIFT_APPROACHABLE_CONCURRENCY = YES;
				SWIFT_DEFAULT_ACTOR_ISOLATION = MainActor;
				SWIFT_EMIT_LOC_STRINGS = YES;
				SWIFT_UPCOMING_FEATURE_MEMBER_IMPORT_VISIBILITY = YES;
				SWIFT_VERSION = 5.0;
				TARGETED_DEVICE_FAMILY = "1,2";
			};
			name = Release;
		};
		4BE2D9492FD69B1E0045ADC7 /* Debug */ = {
			isa = XCBuildConfiguration;
			buildSettings = {
				ALWAYS_SEARCH_USER_PATHS = NO;
				ASSETCATALOG_COMPILER_GENERATE_SWIFT_ASSET_SYMBOL_EXTENSIONS = YES;
				CLANG_ANALYZER_NONNULL = YES;
				CLANG_ANALYZER_NUMBER_OBJECT_CONVERSION = YES_AGGRESSIVE;
				CLANG_CXX_LANGUAGE_STANDARD = "gnu++20";
				CLANG_ENABLE_MODULES = YES;
				CLANG_ENABLE_OBJC_ARC = YES;
				CLANG_ENABLE_OBJC_WEAK = YES;
				CLANG_WARN_BLOCK_CAPTURE_AUTORELEASING = YES;
				CLANG_WARN_BOOL_CONVERSION = YES;
				CLANG_WARN_COMMA = YES;
				CLANG_WARN_CONSTANT_CONVERSION = YES;
				CLANG_WARN_DEPRECATED_OBJC_IMPLEMENTATIONS = YES;
				CLANG_WARN_DIRECT_OBJC_ISA_USAGE = YES_ERROR;
				CLANG_WARN_DOCUMENTATION_COMMENTS = YES;
				CLANG_WARN_EMPTY_BODY = YES;
				CLANG_WARN_ENUM_CONVERSION = YES;
				CLANG_WARN_INFINITE_RECURSION = YES;
				CLANG_WARN_INT_CONVERSION = YES;
				CLANG_WARN_NON_LITERAL_NULL_CONVERSION = YES;
				CLANG_WARN_OBJC_IMPLICIT_RETAIN_SELF = YES;
				CLANG_WARN_OBJC_LITERAL_CONVERSION = YES;
				CLANG_WARN_OBJC_ROOT_CLASS = YES_ERROR;
				CLANG_WARN_QUOTED_INCLUDE_IN_FRAMEWORK_HEADER = YES;
				CLANG_WARN_RANGE_LOOP_ANALYSIS = YES;
				CLANG_WARN_STRICT_PROTOTYPES = YES;
				CLANG_WARN_SUSPICIOUS_MOVE = YES;
				CLANG_WARN_UNGUARDED_AVAILABILITY = YES_AGGRESSIVE;
				CLANG_WARN_UNREACHABLE_CODE = YES;
				CLANG_WARN__DUPLICATE_METHOD_MATCH = YES;
				COPY_PHASE_STRIP = NO;
				DEBUG_INFORMATION_FORMAT = dwarf;
				ENABLE_STRICT_OBJC_MSGSEND = YES;
				ENABLE_TESTABILITY = YES;
				ENABLE_USER_SCRIPT_SANDBOXING = YES;
				GCC_C_LANGUAGE_STANDARD = gnu17;
				GCC_DYNAMIC_NO_PIC = NO;
				GCC_NO_COMMON_BLOCKS = YES;
				GCC_OPTIMIZATION_LEVEL = 0;
				GCC_PREPROCESSOR_DEFINITIONS = (
					"DEBUG=1",
					"$(inherited)",
				);
				GCC_WARN_64_TO_32_BIT_CONVERSION = YES;
				GCC_WARN_ABOUT_RETURN_TYPE = YES_ERROR;
				GCC_WARN_UNDECLARED_SELECTOR = YES;
				GCC_WARN_UNINITIALIZED_AUTOS = YES_AGGRESSIVE;
				GCC_WARN_UNUSED_FUNCTION = YES;
				GCC_WARN_UNUSED_VARIABLE = YES;
				IPHONEOS_DEPLOYMENT_TARGET = 26.5;
				LOCALIZATION_PREFERS_STRING_CATALOGS = YES;
				MTL_ENABLE_DEBUG_INFO = INCLUDE_SOURCE;
				MTL_FAST_MATH = YES;
				ONLY_ACTIVE_ARCH = YES;
				SDKROOT = iphoneos;
				SWIFT_ACTIVE_COMPILATION_CONDITIONS = "DEBUG $(inherited)";
				SWIFT_OPTIMIZATION_LEVEL = "-Onone";
			};
			name = Debug;
		};
		4BE2D94A2FD69B1E0045ADC7 /* Release */ = {
			isa = XCBuildConfiguration;
			buildSettings = {
				ALWAYS_SEARCH_USER_PATHS = NO;
				ASSETCATALOG_COMPILER_GENERATE_SWIFT_ASSET_SYMBOL_EXTENSIONS = YES;
				CLANG_ANALYZER_NONNULL = YES;
				CLANG_ANALYZER_NUMBER_OBJECT_CONVERSION = YES_AGGRESSIVE;
				CLANG_CXX_LANGUAGE_STANDARD = "gnu++20";
				CLANG_ENABLE_MODULES = YES;
				CLANG_ENABLE_OBJC_ARC = YES;
				CLANG_ENABLE_OBJC_WEAK = YES;
				CLANG_WARN_BLOCK_CAPTURE_AUTORELEASING = YES;
				CLANG_WARN_BOOL_CONVERSION = YES;
				CLANG_WARN_COMMA = YES;
				CLANG_WARN_CONSTANT_CONVERSION = YES;
				CLANG_WARN_DEPRECATED_OBJC_IMPLEMENTATIONS = YES;
				CLANG_WARN_DIRECT_OBJC_ISA_USAGE = YES_ERROR;
				CLANG_WARN_DOCUMENTATION_COMMENTS = YES;
				CLANG_WARN_EMPTY_BODY = YES;
				CLANG_WARN_ENUM_CONVERSION = YES;
				CLANG_WARN_INFINITE_RECURSION = YES;
				CLANG_WARN_INT_CONVERSION = YES;
				CLANG_WARN_NON_LITERAL_NULL_CONVERSION = YES;
				CLANG_WARN_OBJC_IMPLICIT_RETAIN_SELF = YES;
				CLANG_WARN_OBJC_LITERAL_CONVERSION = YES;
				CLANG_WARN_OBJC_ROOT_CLASS = YES_ERROR;
				CLANG_WARN_QUOTED_INCLUDE_IN_FRAMEWORK_HEADER = YES;
				CLANG_WARN_RANGE_LOOP_ANALYSIS = YES;
				CLANG_WARN_STRICT_PROTOTYPES = YES;
				CLANG_WARN_SUSPICIOUS_MOVE = YES;
				CLANG_WARN_UNGUARDED_AVAILABILITY = YES_AGGRESSIVE;
				CLANG_WARN_UNREACHABLE_CODE = YES;
				CLANG_WARN__DUPLICATE_METHOD_MATCH = YES;
				COPY_PHASE_STRIP = NO;
				DEBUG_INFORMATION_FORMAT = "dwarf-with-dsym";
				ENABLE_NS_ASSERTIONS = NO;
				ENABLE_STRICT_OBJC_MSGSEND = YES;
				ENABLE_USER_SCRIPT_SANDBOXING = YES;
				GCC_C_LANGUAGE_STANDARD = gnu17;
				GCC_NO_COMMON_BLOCKS = YES;
				GCC_WARN_64_TO_32_BIT_CONVERSION = YES;
				GCC_WARN_ABOUT_RETURN_TYPE = YES_ERROR;
				GCC_WARN_UNDECLARED_SELECTOR = YES;
				GCC_WARN_UNINITIALIZED_AUTOS = YES_AGGRESSIVE;
				GCC_WARN_UNUSED_FUNCTION = YES;
				GCC_WARN_UNUSED_VARIABLE = YES;
				IPHONEOS_DEPLOYMENT_TARGET = 26.5;
				LOCALIZATION_PREFERS_STRING_CATALOGS = YES;
				MTL_ENABLE_DEBUG_INFO = NO;
				MTL_FAST_MATH = YES;
				SDKROOT = iphoneos;
				SWIFT_COMPILATION_MODE = wholemodule;
				VALIDATE_PRODUCT = YES;
			};
			name = Release;
		};
		4BE2D94C2FD69B1E0045ADC7 /* Debug */ = {
			isa = XCBuildConfiguration;
			buildSettings = {
				BUNDLE_LOADER = "$(TEST_HOST)";
				CODE_SIGN_STYLE = Automatic;
				CURRENT_PROJECT_VERSION = 1;
				GENERATE_INFOPLIST_FILE = YES;
				IPHONEOS_DEPLOYMENT_TARGET = 26.5;
				MARKETING_VERSION = 1.0;
				PRODUCT_BUNDLE_IDENTIFIER = com.shoeb.RemoteRecruitTests;
				PRODUCT_NAME = "$(TARGET_NAME)";
				STRING_CATALOG_GENERATE_SYMBOLS = NO;
				SWIFT_APPROACHABLE_CONCURRENCY = YES;
				SWIFT_EMIT_LOC_STRINGS = NO;
				SWIFT_UPCOMING_FEATURE_MEMBER_IMPORT_VISIBILITY = YES;
				SWIFT_VERSION = 5.0;
				TARGETED_DEVICE_FAMILY = "1,2";
				TEST_HOST = "$(BUILT_PRODUCTS_DIR)/RemoteRecruit.app/$(BUNDLE_EXECUTABLE_FOLDER_PATH)/RemoteRecruit";
			};
			name = Debug;
		};
		4BE2D94D2FD69B1E0045ADC7 /* Release */ = {
			isa = XCBuildConfiguration;
			buildSettings = {
				BUNDLE_LOADER = "$(TEST_HOST)";
				CODE_SIGN_STYLE = Automatic;
				CURRENT_PROJECT_VERSION = 1;
				GENERATE_INFOPLIST_FILE = YES;
				IPHONEOS_DEPLOYMENT_TARGET = 26.5;
				MARKETING_VERSION = 1.0;
				PRODUCT_BUNDLE_IDENTIFIER = com.shoeb.RemoteRecruitTests;
				PRODUCT_NAME = "$(TARGET_NAME)";
				STRING_CATALOG_GENERATE_SYMBOLS = NO;
				SWIFT_APPROACHABLE_CONCURRENCY = YES;
				SWIFT_EMIT_LOC_STRINGS = NO;
				SWIFT_UPCOMING_FEATURE_MEMBER_IMPORT_VISIBILITY = YES;
				SWIFT_VERSION = 5.0;
				TARGETED_DEVICE_FAMILY = "1,2";
				TEST_HOST = "$(BUILT_PRODUCTS_DIR)/RemoteRecruit.app/$(BUNDLE_EXECUTABLE_FOLDER_PATH)/RemoteRecruit";
			};
			name = Release;
		};
		4BE2D94F2FD69B1E0045ADC7 /* Debug */ = {
			isa = XCBuildConfiguration;
			buildSettings = {
				CODE_SIGN_STYLE = Automatic;
				CURRENT_PROJECT_VERSION = 1;
				GENERATE_INFOPLIST_FILE = YES;
				MARKETING_VERSION = 1.0;
				PRODUCT_BUNDLE_IDENTIFIER = com.shoeb.RemoteRecruitUITests;
				PRODUCT_NAME = "$(TARGET_NAME)";
				STRING_CATALOG_GENERATE_SYMBOLS = NO;
				SWIFT_APPROACHABLE_CONCURRENCY = YES;
				SWIFT_EMIT_LOC_STRINGS = NO;
				SWIFT_UPCOMING_FEATURE_MEMBER_IMPORT_VISIBILITY = YES;
				SWIFT_VERSION = 5.0;
				TARGETED_DEVICE_FAMILY = "1,2";
				TEST_TARGET_NAME = RemoteRecruit;
			};
			name = Debug;
		};
		4BE2D9502FD69B1E0045ADC7 /* Release */ = {
			isa = XCBuildConfiguration;
			buildSettings = {
				CODE_SIGN_STYLE = Automatic;
				CURRENT_PROJECT_VERSION = 1;
				GENERATE_INFOPLIST_FILE = YES;
				MARKETING_VERSION = 1.0;
				PRODUCT_BUNDLE_IDENTIFIER = com.shoeb.RemoteRecruitUITests;
				PRODUCT_NAME = "$(TARGET_NAME)";
				STRING_CATALOG_GENERATE_SYMBOLS = NO;
				SWIFT_APPROACHABLE_CONCURRENCY = YES;
				SWIFT_EMIT_LOC_STRINGS = NO;
				SWIFT_UPCOMING_FEATURE_MEMBER_IMPORT_VISIBILITY = YES;
				SWIFT_VERSION = 5.0;
				TARGETED_DEVICE_FAMILY = "1,2";
				TEST_TARGET_NAME = RemoteRecruit;
			};
			name = Release;
		};
/* End XCBuildConfiguration section */

/* Begin XCConfigurationList section */
		4BE2D9182FD69B190045ADC7 /* Build configuration list for PBXProject "RemoteRecruit" */ = {
			isa = XCConfigurationList;
			buildConfigurations = (
				4BE2D9492FD69B1E0045ADC7 /* Debug */,
				4BE2D94A2FD69B1E0045ADC7 /* Release */,
			);
			defaultConfigurationIsVisible = 0;
			defaultConfigurationName = Release;
		};
		4BE2D9462FD69B1E0045ADC7 /* Build configuration list for PBXNativeTarget "RemoteRecruit" */ = {
			isa = XCConfigurationList;
			buildConfigurations = (
				4BE2D9472FD69B1E0045ADC7 /* Debug */,
				4BE2D9482FD69B1E0045ADC7 /* Release */,
			);
			defaultConfigurationIsVisible = 0;
			defaultConfigurationName = Release;
		};
		4BE2D94B2FD69B1E0045ADC7 /* Build configuration list for PBXNativeTarget "RemoteRecruitTests" */ = {
			isa = XCConfigurationList;
			buildConfigurations = (
				4BE2D94C2FD69B1E0045ADC7 /* Debug */,
				4BE2D94D2FD69B1E0045ADC7 /* Release */,
			);
			defaultConfigurationIsVisible = 0;
			defaultConfigurationName = Release;
		};
		4BE2D94E2FD69B1E0045ADC7 /* Build configuration list for PBXNativeTarget "RemoteRecruitUITests" */ = {
			isa = XCConfigurationList;
			buildConfigurations = (
				4BE2D94F2FD69B1E0045ADC7 /* Debug */,
				4BE2D9502FD69B1E0045ADC7 /* Release */,
			);
			defaultConfigurationIsVisible = 0;
			defaultConfigurationName = Release;
		};
/* End XCConfigurationList section */
	};
	rootObject = 4BE2D9152FD69B190045ADC7 /* Project object */;
}
